// !$*UTF8*$!
{
	archiveVersion = 1;
	classes = {
	};
	objectVersion = 46;
	objects = {

/* Begin PBXBuildFile section */
		EE1A50C91ED6214F00BA4BB0 /* AppDelegate.swift in Sources */ = {isa = PBXBuildFile; fileRef = EE1A50C81ED6214F00BA4BB0 /* AppDelegate.swift */; };
		EE1A50D01ED6214F00BA4BB0 /* Assets.xcassets in Resources */ = {isa = PBXBuildFile; fileRef = EE1A50CF1ED6214F00BA4BB0 /* Assets.xcassets */; };
		EE1A50E41ED621B300BA4BB0 /* BookContent.swift in Sources */ = {isa = PBXBuildFile; fileRef = EE1A50DA1ED621B300BA4BB0 /* BookContent.swift */; };
		EE1A50E51ED621B300BA4BB0 /* BookListTableViewController.swift in Sources */ = {isa = PBXBuildFile; fileRef = EE1A50DB1ED621B300BA4BB0 /* BookListTableViewController.swift */; };
		EE1A50E61ED621B300BA4BB0 /* CategoriesTableViewController.swift in Sources */ = {isa = PBXBuildFile; fileRef = EE1A50DC1ED621B300BA4BB0 /* CategoriesTableViewController.swift */; };
		EE1A50E71ED621B300BA4BB0 /* CategoryTableViewCell.swift in Sources */ = {isa = PBXBuildFile; fileRef = EE1A50DD1ED621B300BA4BB0 /* CategoryTableViewCell.swift */; };
		EE1A50E81ED621B300BA4BB0 /* ChapterSelectionViewController.swift in Sources */ = {isa = PBXBuildFile; fileRef = EE1A50DE1ED621B300BA4BB0 /* ChapterSelectionViewController.swift */; };
		EE1A50E91ED621B300BA4BB0 /* Downloader.swift in Sources */ = {isa = PBXBuildFile; fileRef = EE1A50DF1ED621B300BA4BB0 /* Downloader.swift */; };
		EE1A50EA1ED621B300BA4BB0 /* FirstSentenceCellTableViewCell.swift in Sources */ = {isa = PBXBuildFile; fileRef = EE1A50E01ED621B300BA4BB0 /* FirstSentenceCellTableViewCell.swift */; };
		EE1A50EB1ED621B300BA4BB0 /* MainCell.swift in Sources */ = {isa = PBXBuildFile; fileRef = EE1A50E11ED621B300BA4BB0 /* MainCell.swift */; };
		EE1A50EC1ED621B300BA4BB0 /* SentenceListTableViewController.swift in Sources */ = {isa = PBXBuildFile; fileRef = EE1A50E21ED621B300BA4BB0 /* SentenceListTableViewController.swift */; };
		EE1A50ED1ED621B300BA4BB0 /* ViewController.swift in Sources */ = {isa = PBXBuildFile; fileRef = EE1A50E31ED621B300BA4BB0 /* ViewController.swift */; };
		EE1A50F01ED621D400BA4BB0 /* LaunchScreen.storyboard in Resources */ = {isa = PBXBuildFile; fileRef = EE1A50EE1ED621D400BA4BB0 /* LaunchScreen.storyboard */; };
		EE1A50F11ED621D400BA4BB0 /* Main.storyboard in Resources */ = {isa = PBXBuildFile; fileRef = EE1A50EF1ED621D400BA4BB0 /* Main.storyboard */; };
		EE1A50F81ED6244900BA4BB0 /* Zip.framework in Frameworks */ = {isa = PBXBuildFile; fileRef = EE1A50F31ED623BB00BA4BB0 /* Zip.framework */; };
		EE1A50F91ED6244900BA4BB0 /* Zip.framework in Embed Frameworks */ = {isa = PBXBuildFile; fileRef = EE1A50F31ED623BB00BA4BB0 /* Zip.framework */; settings = {ATTRIBUTES = (CodeSignOnCopy, RemoveHeadersOnCopy, ); }; };
/* End PBXBuildFile section */

/* Begin PBXCopyFilesBuildPhase section */
		EE1A50FA1ED6244900BA4BB0 /* Embed Frameworks */ = {
			isa = PBXCopyFilesBuildPhase;
			buildActionMask = 2147483647;
			dstPath = "";
			dstSubfolderSpec = 10;
			files = (
				EE1A50F91ED6244900BA4BB0 /* Zip.framework in Embed Frameworks */,
			);
			name = "Embed Frameworks";
			runOnlyForDeploymentPostprocessing = 0;
		};
/* End PBXCopyFilesBuildPhase section */

/* Begin PBXFileReference section */
		EE1A50C51ED6214F00BA4BB0 /* Cyperus.app */ = {isa = PBXFileReference; explicitFileType = wrapper.application; includeInIndex = 0; path = Cyperus.app; sourceTree = BUILT_PRODUCTS_DIR; };
		EE1A50C81ED6214F00BA4BB0 /* AppDelegate.swift */ = {isa = PBXFileReference; lastKnownFileType = sourcecode.swift; path = AppDelegate.swift; sourceTree = "<group>"; };
		EE1A50CF1ED6214F00BA4BB0 /* Assets.xcassets */ = {isa = PBXFileReference; lastKnownFileType = folder.assetcatalog; path = Assets.xcassets; sourceTree = "<group>"; };
		EE1A50D41ED6214F00BA4BB0 /* Info.plist */ = {isa = PBXFileReference; lastKnownFileType = text.plist.xml; path = Info.plist; sourceTree = "<group>"; };
		EE1A50DA1ED621B300BA4BB0 /* BookContent.swift */ = {isa = PBXFileReference; fileEncoding = 4; lastKnownFileType = sourcecode.swift; path = BookContent.swift; sourceTree = "<group>"; };
		EE1A50DB1ED621B300BA4BB0 /* BookListTableViewController.swift */ = {isa = PBXFileReference; fileEncoding = 4; lastKnownFileType = sourcecode.swift; path = BookListTableViewController.swift; sourceTree = "<group>"; };
		EE1A50DC1ED621B300BA4BB0 /* CategoriesTableViewController.swift */ = {isa = PBXFileReference; fileEncoding = 4; lastKnownFileType = sourcecode.swift; path = CategoriesTableViewController.swift; sourceTree = "<group>"; };
		EE1A50DD1ED621B300BA4BB0 /* CategoryTableViewCell.swift */ = {isa = PBXFileReference; fileEncoding = 4; lastKnownFileType = sourcecode.swift; path = CategoryTableViewCell.swift; sourceTree = "<group>"; };
		EE1A50DE1ED621B300BA4BB0 /* ChapterSelectionViewController.swift */ = {isa = PBXFileReference; fileEncoding = 4; lastKnownFileType = sourcecode.swift; path = ChapterSelectionViewController.swift; sourceTree = "<group>"; };
		EE1A50DF1ED621B300BA4BB0 /* Downloader.swift */ = {isa = PBXFileReference; fileEncoding = 4; lastKnownFileType = sourcecode.swift; path = Downloader.swift; sourceTree = "<group>"; };
		EE1A50E01ED621B300BA4BB0 /* FirstSentenceCellTableViewCell.swift */ = {isa = PBXFileReference; fileEncoding = 4; lastKnownFileType = sourcecode.swift; path = FirstSentenceCellTableViewCell.swift; sourceTree = "<group>"; };
		EE1A50E11ED621B300BA4BB0 /* MainCell.swift */ = {isa = PBXFileReference; fileEncoding = 4; lastKnownFileType = sourcecode.swift; path = MainCell.swift; sourceTree = "<group>"; };
		EE1A50E21ED621B300BA4BB0 /* SentenceListTableViewController.swift */ = {isa = PBXFileReference; fileEncoding = 4; lastKnownFileType = sourcecode.swift; path = SentenceListTableViewController.swift; sourceTree = "<group>"; };
		EE1A50E31ED621B300BA4BB0 /* ViewController.swift */ = {isa = PBXFileReference; fileEncoding = 4; lastKnownFileType = sourcecode.swift; path = ViewController.swift; sourceTree = "<group>"; };
		EE1A50EE1ED621D400BA4BB0 /* LaunchScreen.storyboard */ = {isa = PBXFileReference; fileEncoding = 4; lastKnownFileType = file.storyboard; path = LaunchScreen.storyboard; sourceTree = "<group>"; };
		EE1A50EF1ED621D400BA4BB0 /* Main.storyboard */ = {isa = PBXFileReference; fileEncoding = 4; lastKnownFileType = file.storyboard; path = Main.storyboard; sourceTree = "<group>"; };
		EE1A50F31ED623BB00BA4BB0 /* Zip.framework */ = {isa = PBXFileReference; lastKnownFileType = wrapper.framework; name = Zip.framework; path = Carthage/Build/iOS/Zip.framework; sourceTree = "<group>"; };
/* End PBXFileReference section */

/* Begin PBXFrameworksBuildPhase section */
		EE1A50C21ED6214F00BA4BB0 /* Frameworks */ = {
			isa = PBXFrameworksBuildPhase;
			buildActionMask = 2147483647;
			files = (
				EE1A50F81ED6244900BA4BB0 /* Zip.framework in Frameworks */,
			);
			runOnlyForDeploymentPostprocessing = 0;
		};
/* End PBXFrameworksBuildPhase section */

/* Begin PBXGroup section */
		EE1A50BC1ED6214F00BA4BB0 = {
			isa = PBXGroup;
			children = (
				EE1A50C71ED6214F00BA4BB0 /* Cyperus */,
				EE1A50C61ED6214F00BA4BB0 /* Products */,
				EE1A50F21ED623BA00BA4BB0 /* Frameworks */,
			);
			sourceTree = "<group>";
		};
		EE1A50C61ED6214F00BA4BB0 /* Products */ = {
			isa = PBXGroup;
			children = (
				EE1A50C51ED6214F00BA4BB0 /* Cyperus.app */,
			);
			name = Products;
			sourceTree = "<group>";
		};
		EE1A50C71ED6214F00BA4BB0 /* Cyperus */ = {
			isa = PBXGroup;
			children = (
				EE1A50C81ED6214F00BA4BB0 /* AppDelegate.swift */,
				EE1A50DA1ED621B300BA4BB0 /* BookContent.swift */,
				EE1A50DB1ED621B300BA4BB0 /* BookListTableViewController.swift */,
				EE1A50DC1ED621B300BA4BB0 /* CategoriesTableViewController.swift */,
				EE1A50DD1ED621B300BA4BB0 /* CategoryTableViewCell.swift */,
				EE1A50DE1ED621B300BA4BB0 /* ChapterSelectionViewController.swift */,
				EE1A50DF1ED621B300BA4BB0 /* Downloader.swift */,
				EE1A50E01ED621B300BA4BB0 /* FirstSentenceCellTableViewCell.swift */,
				EE1A50E11ED621B300BA4BB0 /* MainCell.swift */,
				EE1A50E21ED621B300BA4BB0 /* SentenceListTableViewController.swift */,
				EE1A50E31ED621B300BA4BB0 /* ViewController.swift */,
				EE1A50EE1ED621D400BA4BB0 /* LaunchScreen.storyboard */,
				EE1A50EF1ED621D400BA4BB0 /* Main.storyboard */,
				EE1A50CF1ED6214F00BA4BB0 /* Assets.xcassets */,
				EE1A50D41ED6214F00BA4BB0 /* Info.plist */,
			);
			path = Cyperus;
			sourceTree = "<group>";
		};
		EE1A50F21ED623BA00BA4BB0 /* Frameworks */ = {
			isa = PBXGroup;
			children = (
				EE1A50F31ED623BB00BA4BB0 /* Zip.framework */,
			);
			name = Frameworks;
			sourceTree = "<group>";
		};
/* End PBXGroup section */

/* Begin PBXNativeTarget section */
		EE1A50C41ED6214F00BA4BB0 /* Cyperus */ = {
			isa = PBXNativeTarget;
			buildConfigurationList = EE1A50D71ED6214F00BA4BB0 /* Build configuration list for PBXNativeTarget "Cyperus" */;
			buildPhases = (
				EE1A50C11ED6214F00BA4BB0 /* Sources */,
				EE1A50C21ED6214F00BA4BB0 /* Frameworks */,
				EE1A50C31ED6214F00BA4BB0 /* Resources */,
				EE1A50FA1ED6244900BA4BB0 /* Embed Frameworks */,
			);
			buildRules = (
			);
			dependencies = (
			);
			name = Cyperus;
			productName = Cyperus;
			productReference = EE1A50C51ED6214F00BA4BB0 /* Cyperus.app */;
			productType = "com.apple.product-type.application";
		};
/* End PBXNativeTarget section */

/* Begin PBXProject section */
		EE1A50BD1ED6214F00BA4BB0 /* Project object */ = {
			isa = PBXProject;
			attributes = {
				LastSwiftUpdateCheck = 0830;
				LastUpgradeCheck = 0830;
				ORGANIZATIONNAME = "André Luiz Rodrigues";
				TargetAttributes = {
					EE1A50C41ED6214F00BA4BB0 = {
						CreatedOnToolsVersion = 8.3.2;
						DevelopmentTeam = 5XAX7E7FAD;
						ProvisioningStyle = Automatic;
					};
				};
			};
			buildConfigurationList = EE1A50C01ED6214F00BA4BB0 /* Build configuration list for PBXProject "Cyperus" */;
			compatibilityVersion = "Xcode 3.2";
			developmentRegion = English;
			hasScannedForEncodings = 0;
			knownRegions = (
				en,
				Base,
			);
			mainGroup = EE1A50BC1ED6214F00BA4BB0;
			productRefGroup = EE1A50C61ED6214F00BA4BB0 /* Products */;
			projectDirPath = "";
			projectRoot = "";
			targets = (
				EE1A50C41ED6214F00BA4BB0 /* Cyperus */,
			);
		};
/* End PBXProject section */

/* Begin PBXResourcesBuildPhase section */
		EE1A50C31ED6214F00BA4BB0 /* Resources */ = {
			isa = PBXResourcesBuildPhase;
			buildActionMask = 2147483647;
			files = (
				EE1A50F11ED621D400BA4BB0 /* Main.storyboard in Resources */,
				EE1A50D01ED6214F00BA4BB0 /* Assets.xcassets in Resources */,
				EE1A50F01ED621D400BA4BB0 /* LaunchScreen.storyboard in Resources */,
			);
			runOnlyForDeploymentPostprocessing = 0;
		};
/* End PBXResourcesBuildPhase section */

/* Begin PBXSourcesBuildPhase section */
		EE1A50C11ED6214F00BA4BB0 /* Sources */ = {
			isa = PBXSourcesBuildPhase;
			buildActionMask = 2147483647;
			files = (
				EE1A50EC1ED621B300BA4BB0 /* SentenceListTableViewController.swift in Sources */,
				EE1A50E71ED621B300BA4BB0 /* CategoryTableViewCell.swift in Sources */,
				EE1A50E91ED621B300BA4BB0 /* Downloader.swift in Sources */,
				EE1A50E41ED621B300BA4BB0 /* BookContent.swift in Sources */,
				EE1A50ED1ED621B300BA4BB0 /* ViewController.swift in Sources */,
				EE1A50C91ED6214F00BA4BB0 /* AppDelegate.swift in Sources */,
				EE1A50E81ED621B300BA4BB0 /* ChapterSelectionViewController.swift in Sources */,
				EE1A50E51ED621B300BA4BB0 /* BookListTableViewController.swift in Sources */,
				EE1A50E61ED621B300BA4BB0 /* CategoriesTableViewController.swift in Sources */,
				EE1A50EA1ED621B300BA4BB0 /* FirstSentenceCellTableViewCell.swift in Sources */,
				EE1A50EB1ED621B300BA4BB0 /* MainCell.swift in Sources */,
			);
			runOnlyForDeploymentPostprocessing = 0;
		};
/* End PBXSourcesBuildPhase section */

/* Begin XCBuildConfiguration section */
		EE1A50D51ED6214F00BA4BB0 /* Debug */ = {
			isa = XCBuildConfiguration;
			buildSettings = {
				ALWAYS_SEARCH_USER_PATHS = NO;
				CLANG_ANALYZER_NONNULL = YES;
				CLANG_ANALYZER_NUMBER_OBJECT_CONVERSION = YES_AGGRESSIVE;
				CLANG_CXX_LANGUAGE_STANDARD = "gnu++0x";
				CLANG_CXX_LIBRARY = "libc++";
				CLANG_ENABLE_MODULES = YES;
				CLANG_ENABLE_OBJC_ARC = YES;
				CLANG_WARN_BOOL_CONVERSION = YES;
				CLANG_WARN_CONSTANT_CONVERSION = YES;
				CLANG_WARN_DIRECT_OBJC_ISA_USAGE = YES_ERROR;
				CLANG_WARN_DOCUMENTATION_COMMENTS = YES;
				CLANG_WARN_EMPTY_BODY = YES;
				CLANG_WARN_ENUM_CONVERSION = YES;
				CLANG_WARN_INFINITE_RECURSION = YES;
				CLANG_WARN_INT_CONVERSION = YES;
				CLANG_WARN_OBJC_ROOT_CLASS = YES_ERROR;
				CLANG_WARN_SUSPICIOUS_MOVE = YES;
				CLANG_WARN_UNREACHABLE_CODE = YES;
				CLANG_WARN__DUPLICATE_METHOD_MATCH = YES;
				"CODE_SIGN_IDENTITY[sdk=iphoneos*]" = "iPhone Developer";
				COPY_PHASE_STRIP = NO;
				DEBUG_INFORMATION_FORMAT = dwarf;
				ENABLE_STRICT_OBJC_MSGSEND = YES;
				ENABLE_TESTABILITY = YES;
				GCC_C_LANGUAGE_STANDARD = gnu99;
				GCC_DYNAMIC_NO_PIC = NO;
				GCC_NO_COMMON_BLOCKS = YES;
				GCC_OPTIMIZATION_LEVEL = 0;
				GCC_PREPROCESSOR_DEFINITIONS = (
					"DEBUG=1",
					"$(inherited)",
				);
				GCC_WARN_64_TO_32_BIT_CONVERSION = YES;
				GCC_WARN_ABOUT_RETURN_TYPE = YES_ERROR;
				GCC_WARN_UNDECLARED_SELECTOR = YES;
				GCC_WARN_UNINITIALIZED_AUTOS = YES_AGGRESSIVE;
				GCC_WARN_UNUSED_FUNCTION = YES;
				GCC_WARN_UNUSED_VARIABLE = YES;
				IPHONEOS_DEPLOYMENT_TARGET = 10.3;
				MTL_ENABLE_DEBUG_INFO = YES;
				ONLY_ACTIVE_ARCH = YES;
				SDKROOT = iphoneos;
				SWIFT_ACTIVE_COMPILATION_CONDITIONS = DEBUG;
				SWIFT_OPTIMIZATION_LEVEL = "-Onone";
				TARGETED_DEVICE_FAMILY = "1,2";
			};
			name = Debug;
		};
		EE1A50D61ED6214F00BA4BB0 /* Release */ = {
			isa = XCBuildConfiguration;
			buildSettings = {
				ALWAYS_SEARCH_USER_PATHS = NO;
				CLANG_ANALYZER_NONNULL = YES;
				CLANG_ANALYZER_NUMBER_OBJECT_CONVERSION = YES_AGGRESSIVE;
				CLANG_CXX_LANGUAGE_STANDARD = "gnu++0x";
				CLANG_CXX_LIBRARY = "libc++";
				CLANG_ENABLE_MODULES = YES;
				CLANG_ENABLE_OBJC_ARC = YES;
				CLANG_WARN_BOOL_CONVERSION = YES;
				CLANG_WARN_CONSTANT_CONVERSION = YES;
				CLANG_WARN_DIRECT_OBJC_ISA_USAGE = YES_ERROR;
				CLANG_WARN_DOCUMENTATION_COMMENTS = YES;
				CLANG_WARN_EMPTY_BODY = YES;
				CLANG_WARN_ENUM_CONVERSION = YES;
				CLANG_WARN_INFINITE_RECURSION = YES;
				CLANG_WARN_INT_CONVERSION = YES;
				CLANG_WARN_OBJC_ROOT_CLASS = YES_ERROR;
				CLANG_WARN_SUSPICIOUS_MOVE = YES;
				CLANG_WARN_UNREACHABLE_CODE = YES;
				CLANG_WARN__DUPLICATE_METHOD_MATCH = YES;
				"CODE_SIGN_IDENTITY[sdk=iphoneos*]" = "iPhone Developer";
				COPY_PHASE_STRIP = NO;
				DEBUG_INFORMATION_FORMAT = "dwarf-with-dsym";
				ENABLE_NS_ASSERTIONS = NO;
				ENABLE_STRICT_OBJC_MSGSEND = YES;
				GCC_C_LANGUAGE_STANDARD = gnu99;
				GCC_NO_COMMON_BLOCKS = YES;
				GCC_WARN_64_TO_32_BIT_CONVERSION = YES;
				GCC_WARN_ABOUT_RETURN_TYPE = YES_ERROR;
				GCC_WARN_UNDECLARED_SELECTOR = YES;
				GCC_WARN_UNINITIALIZED_AUTOS = YES_AGGRESSIVE;
				GCC_WARN_UNUSED_FUNCTION = YES;
				GCC_WARN_UNUSED_VARIABLE = YES;
				IPHONEOS_DEPLOYMENT_TARGET = 10.3;
				MTL_ENABLE_DEBUG_INFO = NO;
				SDKROOT = iphoneos;
				SWIFT_OPTIMIZATION_LEVEL = "-Owholemodule";
				TARGETED_DEVICE_FAMILY = "1,2";
				VALIDATE_PRODUCT = YES;
			};
			name = Release;
		};
		EE1A50D81ED6214F00BA4BB0 /* Debug */ = {
			isa = XCBuildConfiguration;
			buildSettings = {
				ASSETCATALOG_COMPILER_APPICON_NAME = AppIcon;
				DEVELOPMENT_TEAM = 5XAX7E7FAD;
				FRAMEWORK_SEARCH_PATHS = (
					"$(inherited)",
					"$(PROJECT_DIR)/Carthage/Build/iOS",
				);
				INFOPLIST_FILE = Cyperus/Info.plist;
				LD_RUNPATH_SEARCH_PATHS = "$(inherited) @executable_path/Frameworks";
				PRODUCT_BUNDLE_IDENTIFIER = andluizlima.Cyperus;
				PRODUCT_NAME = "$(TARGET_NAME)";
				SWIFT_VERSION = 3.0;
			};
			name = Debug;
		};
		EE1A50D91ED6214F00BA4BB0 /* Release */ = {
			isa = XCBuildConfiguration;
			buildSettings = {
				ASSETCATALOG_COMPILER_APPICON_NAME = AppIcon;
				DEVELOPMENT_TEAM = 5XAX7E7FAD;
				FRAMEWORK_SEARCH_PATHS = (
					"$(inherited)",
					"$(PROJECT_DIR)/Carthage/Build/iOS",
				);
				INFOPLIST_FILE = Cyperus/Info.plist;
				LD_RUNPATH_SEARCH_PATHS = "$(inherited) @executable_path/Frameworks";
				PRODUCT_BUNDLE_IDENTIFIER = andluizlima.Cyperus;
				PRODUCT_NAME = "$(TARGET_NAME)";
				SWIFT_VERSION = 3.0;
			};
			name = Release;
		};
/* End XCBuildConfiguration section */

/* Begin XCConfigurationList section */
		EE1A50C01ED6214F00BA4BB0 /* Build configuration list for PBXProject "Cyperus" */ = {
			isa = XCConfigurationList;
			buildConfigurations = (
				EE1A50D51ED6214F00BA4BB0 /* Debug */,
				EE1A50D61ED6214F00BA4BB0 /* Release */,
			);
			defaultConfigurationIsVisible = 0;
			defaultConfigurationName = Release;
		};
		EE1A50D71ED6214F00BA4BB0 /* Build configuration list for PBXNativeTarget "Cyperus" */ = {
			isa = XCConfigurationList;
			buildConfigurations = (
				EE1A50D81ED6214F00BA4BB0 /* Debug */,
				EE1A50D91ED6214F00BA4BB0 /* Release */,
			);
			defaultConfigurationIsVisible = 0;
		};
/* End XCConfigurationList section */
	};
	rootObject = EE1A50BD1ED6214F00BA4BB0 /* Project object */;
}
